
Microsoft Visual Studio Solution File, Format Version 12.00
# Visual Studio 15
VisualStudioVersion = 15.0.28010.2026
MinimumVisualStudioVersion = 10.0.40219.1
Project("{2150E333-8FDC-42A3-9474-1A3956D46DE8}") = "Solution Items", "Solution Items", "{972E0F77-E3FA-4E25-B61D-A5D794B8C76A}"
	ProjectSection(SolutionItems) = preProject
		SnesXM.ruleset = SnesXM.ruleset
		SnesXM.sln.licenseheader = SnesXM.sln.licenseheader
	EndProjectSection
EndProject
Project("{9A19103F-16F7-4668-BE54-9A1E7A4F7556}") = "SnesXM", "src\SnesXM\SnesXM.csproj", "{6A8AF2A3-9B58-495B-A3DF-1ECD0089DC6D}"
EndProject
Global
	GlobalSection(SolutionConfigurationPlatforms) = preSolution
		Debug|Any CPU = Debug|Any CPU
		Release|Any CPU = Release|Any CPU
	EndGlobalSection
	GlobalSection(ProjectConfigurationPlatforms) = postSolution
		{6A8AF2A3-9B58-495B-A3DF-1ECD0089DC6D}.Debug|Any CPU.ActiveCfg = Debug|Any CPU
		{6A8AF2A3-9B58-495B-A3DF-1ECD0089DC6D}.Debug|Any CPU.Build.0 = Debug|Any CPU
		{6A8AF2A3-9B58-495B-A3DF-1ECD0089DC6D}.Release|Any CPU.ActiveCfg = Release|Any CPU
		{6A8AF2A3-9B58-495B-A3DF-1ECD0089DC6D}.Release|Any CPU.Build.0 = Release|Any CPU
	EndGlobalSection
	GlobalSection(SolutionProperties) = preSolution
		HideSolutionNode = FALSE
	EndGlobalSection
	GlobalSection(ExtensibilityGlobals) = postSolution
		SolutionGuid = {01085C9C-25B4-41A8-82CC-D230ACBA3388}
	EndGlobalSection
EndGlobal
